
Microsoft Visual Studio Solution File, Format Version 12.00
# Visual Studio Version 16
VisualStudioVersion = 16.0.29306.81
MinimumVisualStudioVersion = 10.0.40219.1
Project("{FAE04EC0-301F-11D3-BF4B-00C04F79EFBC}") = "MirrorPet.Android", "MirrorPet\MirrorPet.Android\MirrorPet.Android.csproj", "{1D902167-B550-496D-9798-A55648E438BE}"
EndProject
Project("{FAE04EC0-301F-11D3-BF4B-00C04F79EFBC}") = "MirrorPet.iOS", "MirrorPet\MirrorPet.iOS\MirrorPet.iOS.csproj", "{55C98A34-90B7-4957-8B2A-2686EA31536A}"
EndProject
Project("{FAE04EC0-301F-11D3-BF4B-00C04F79EFBC}") = "MirrorPet", "MirrorPet\MirrorPet\MirrorPet.csproj", "{5F16B491-3476-48FB-9139-840198E517FE}"
EndProject
Global
	GlobalSection(SolutionConfigurationPlatforms) = preSolution
		Debug|Any CPU = Debug|Any CPU
		Debug|iPhone = Debug|iPhone
		Debug|iPhoneSimulator = Debug|iPhoneSimulator
		Release|Any CPU = Release|Any CPU
		Release|iPhone = Release|iPhone
		Release|iPhoneSimulator = Release|iPhoneSimulator
	EndGlobalSection
	GlobalSection(ProjectConfigurationPlatforms) = postSolution
		{1D902167-B550-496D-9798-A55648E438BE}.Debug|Any CPU.ActiveCfg = Debug|Any CPU
		{1D902167-B550-496D-9798-A55648E438BE}.Debug|Any CPU.Build.0 = Debug|Any CPU
		{1D902167-B550-496D-9798-A55648E438BE}.Debug|Any CPU.Deploy.0 = Debug|Any CPU
		{1D902167-B550-496D-9798-A55648E438BE}.Debug|iPhone.ActiveCfg = Debug|Any CPU
		{1D902167-B550-496D-9798-A55648E438BE}.Debug|iPhone.Build.0 = Debug|Any CPU
		{1D902167-B550-496D-9798-A55648E438BE}.Debug|iPhone.Deploy.0 = Debug|Any CPU
		{1D902167-B550-496D-9798-A55648E438BE}.Debug|iPhoneSimulator.ActiveCfg = Debug|Any CPU
		{1D902167-B550-496D-9798-A55648E438BE}.Debug|iPhoneSimulator.Build.0 = Debug|Any CPU
		{1D902167-B550-496D-9798-A55648E438BE}.Debug|iPhoneSimulator.Deploy.0 = Debug|Any CPU
		{1D902167-B550-496D-9798-A55648E438BE}.Release|Any CPU.ActiveCfg = Release|Any CPU
		{1D902167-B550-496D-9798-A55648E438BE}.Release|Any CPU.Build.0 = Release|Any CPU
		{1D902167-B550-496D-9798-A55648E438BE}.Release|Any CPU.Deploy.0 = Release|Any CPU
		{1D902167-B550-496D-9798-A55648E438BE}.Release|iPhone.ActiveCfg = Release|Any CPU
		{1D902167-B550-496D-9798-A55648E438BE}.Release|iPhone.Build.0 = Release|Any CPU
		{1D902167-B550-496D-9798-A55648E438BE}.Release|iPhone.Deploy.0 = Release|Any CPU
		{1D902167-B550-496D-9798-A55648E438BE}.Release|iPhoneSimulator.ActiveCfg = Release|Any CPU
		{1D902167-B550-496D-9798-A55648E438BE}.Release|iPhoneSimulator.Build.0 = Release|Any CPU
		{1D902167-B550-496D-9798-A55648E438BE}.Release|iPhoneSimulator.Deploy.0 = Release|Any CPU
		{55C98A34-90B7-4957-8B2A-2686EA31536A}.Debug|Any CPU.ActiveCfg = Debug|iPhoneSimulator
		{55C98A34-90B7-4957-8B2A-2686EA31536A}.Debug|Any CPU.Build.0 = Debug|iPhoneSimulator
		{55C98A34-90B7-4957-8B2A-2686EA31536A}.Debug|Any CPU.Deploy.0 = Debug|iPhoneSimulator
		{55C98A34-90B7-4957-8B2A-2686EA31536A}.Debug|iPhone.ActiveCfg = Debug|iPhone
		{55C98A34-90B7-4957-8B2A-2686EA31536A}.Debug|iPhone.Build.0 = Debug|iPhone
		{55C98A34-90B7-4957-8B2A-2686EA31536A}.Debug|iPhone.Deploy.0 = Debug|iPhone
		{55C98A34-90B7-4957-8B2A-2686EA31536A}.Debug|iPhoneSimulator.ActiveCfg = Debug|iPhoneSimulator
		{55C98A34-90B7-4957-8B2A-2686EA31536A}.Debug|iPhoneSimulator.Build.0 = Debug|iPhoneSimulator
		{55C98A34-90B7-4957-8B2A-2686EA31536A}.Debug|iPhoneSimulator.Deploy.0 = Debug|iPhoneSimulator
		{55C98A34-90B7-4957-8B2A-2686EA31536A}.Release|Any CPU.ActiveCfg = Release|iPhone
		{55C98A34-90B7-4957-8B2A-2686EA31536A}.Release|Any CPU.Build.0 = Release|iPhone
		{55C98A34-90B7-4957-8B2A-2686EA31536A}.Release|Any CPU.Deploy.0 = Release|iPhone
		{55C98A34-90B7-4957-8B2A-2686EA31536A}.Release|iPhone.ActiveCfg = Release|iPhone
		{55C98A34-90B7-4957-8B2A-2686EA31536A}.Release|iPhone.Build.0 = Release|iPhone
		{55C98A34-90B7-4957-8B2A-2686EA31536A}.Release|iPhone.Deploy.0 = Release|iPhone
		{55C98A34-90B7-4957-8B2A-2686EA31536A}.Release|iPhoneSimulator.ActiveCfg = Release|iPhoneSimulator
		{55C98A34-90B7-4957-8B2A-2686EA31536A}.Release|iPhoneSimulator.Build.0 = Release|iPhoneSimulator
		{55C98A34-90B7-4957-8B2A-2686EA31536A}.Release|iPhoneSimulator.Deploy.0 = Release|iPhoneSimulator
		{5F16B491-3476-48FB-9139-840198E517FE}.Debug|Any CPU.ActiveCfg = Debug|Any CPU
		{5F16B491-3476-48FB-9139-840198E517FE}.Debug|Any CPU.Build.0 = Debug|Any CPU
		{5F16B491-3476-48FB-9139-840198E517FE}.Debug|Any CPU.Deploy.0 = Debug|Any CPU
		{5F16B491-3476-48FB-9139-840198E517FE}.Debug|iPhone.ActiveCfg = Debug|Any CPU
		{5F16B491-3476-48FB-9139-840198E517FE}.Debug|iPhone.Build.0 = Debug|Any CPU
		{5F16B491-3476-48FB-9139-840198E517FE}.Debug|iPhone.Deploy.0 = Debug|Any CPU
		{5F16B491-3476-48FB-9139-840198E517FE}.Debug|iPhoneSimulator.ActiveCfg = Debug|Any CPU
		{5F16B491-3476-48FB-9139-840198E517FE}.Debug|iPhoneSimulator.Build.0 = Debug|Any CPU
		{5F16B491-3476-48FB-9139-840198E517FE}.Debug|iPhoneSimulator.Deploy.0 = Debug|Any CPU
		{5F16B491-3476-48FB-9139-840198E517FE}.Release|Any CPU.ActiveCfg = Release|Any CPU
		{5F16B491-3476-48FB-9139-840198E517FE}.Release|Any CPU.Build.0 = Release|Any CPU
		{5F16B491-3476-48FB-9139-840198E517FE}.Release|Any CPU.Deploy.0 = Release|Any CPU
		{5F16B491-3476-48FB-9139-840198E517FE}.Release|iPhone.ActiveCfg = Release|Any CPU
		{5F16B491-3476-48FB-9139-840198E517FE}.Release|iPhone.Build.0 = Release|Any CPU
		{5F16B491-3476-48FB-9139-840198E517FE}.Release|iPhone.Deploy.0 = Release|Any CPU
		{5F16B491-3476-48FB-9139-840198E517FE}.Release|iPhoneSimulator.ActiveCfg = Release|Any CPU
		{5F16B491-3476-48FB-9139-840198E517FE}.Release|iPhoneSimulator.Build.0 = Release|Any CPU
		{5F16B491-3476-48FB-9139-840198E517FE}.Release|iPhoneSimulator.Deploy.0 = Release|Any CPU
	EndGlobalSection
	GlobalSection(SolutionProperties) = preSolution
		HideSolutionNode = FALSE
	EndGlobalSection
	GlobalSection(ExtensibilityGlobals) = postSolution
		SolutionGuid = {7AA21377-479E-45FA-894D-076617F6E29A}
	EndGlobalSection
EndGlobal
