
Microsoft Visual Studio Solution File, Format Version 12.00
# Visual Studio 15
Project("{FAE04EC0-301F-11D3-BF4B-00C04F79EFBC}") = "mirrorPet.Android", "mirrorPet.Android\mirrorPet.Android.csproj", "{F51E5AA4-5C44-41DF-8CD7-39B6D85554CE}"
EndProject
Project("{FAE04EC0-301F-11D3-BF4B-00C04F79EFBC}") = "mirrorPet.iOS", "mirrorPet.iOS\mirrorPet.iOS.csproj", "{451C0E4A-5F82-49AF-A00E-001B8D786DFA}"
EndProject
Project("{FAE04EC0-301F-11D3-BF4B-00C04F79EFBC}") = "mirrorPet", "mirrorPet\mirrorPet.csproj", "{83107311-7BAD-4C7D-ADB8-E39C00FEF6F2}"
EndProject
Global
	GlobalSection(SolutionConfigurationPlatforms) = preSolution
		Debug|Any CPU = Debug|Any CPU
		Release|Any CPU = Release|Any CPU
		Debug|iPhoneSimulator = Debug|iPhoneSimulator
		Release|iPhoneSimulator = Release|iPhoneSimulator
		Debug|iPhone = Debug|iPhone
		Release|iPhone = Release|iPhone
	EndGlobalSection
	GlobalSection(ProjectConfigurationPlatforms) = postSolution
		{F51E5AA4-5C44-41DF-8CD7-39B6D85554CE}.Debug|Any CPU.ActiveCfg = Debug|Any CPU
		{F51E5AA4-5C44-41DF-8CD7-39B6D85554CE}.Debug|Any CPU.Build.0 = Debug|Any CPU
		{F51E5AA4-5C44-41DF-8CD7-39B6D85554CE}.Release|Any CPU.ActiveCfg = Release|Any CPU
		{F51E5AA4-5C44-41DF-8CD7-39B6D85554CE}.Release|Any CPU.Build.0 = Release|Any CPU
		{F51E5AA4-5C44-41DF-8CD7-39B6D85554CE}.Debug|iPhoneSimulator.ActiveCfg = Debug|Any CPU
		{F51E5AA4-5C44-41DF-8CD7-39B6D85554CE}.Debug|iPhoneSimulator.Build.0 = Debug|Any CPU
		{F51E5AA4-5C44-41DF-8CD7-39B6D85554CE}.Release|iPhoneSimulator.ActiveCfg = Release|Any CPU
		{F51E5AA4-5C44-41DF-8CD7-39B6D85554CE}.Release|iPhoneSimulator.Build.0 = Release|Any CPU
		{F51E5AA4-5C44-41DF-8CD7-39B6D85554CE}.Debug|iPhone.ActiveCfg = Debug|Any CPU
		{F51E5AA4-5C44-41DF-8CD7-39B6D85554CE}.Debug|iPhone.Build.0 = Debug|Any CPU
		{F51E5AA4-5C44-41DF-8CD7-39B6D85554CE}.Release|iPhone.ActiveCfg = Release|Any CPU
		{F51E5AA4-5C44-41DF-8CD7-39B6D85554CE}.Release|iPhone.Build.0 = Release|Any CPU
		{451C0E4A-5F82-49AF-A00E-001B8D786DFA}.Debug|Any CPU.ActiveCfg = Debug|iPhoneSimulator
		{451C0E4A-5F82-49AF-A00E-001B8D786DFA}.Debug|Any CPU.Build.0 = Debug|iPhoneSimulator
		{451C0E4A-5F82-49AF-A00E-001B8D786DFA}.Release|Any CPU.ActiveCfg = Release|iPhoneSimulator
		{451C0E4A-5F82-49AF-A00E-001B8D786DFA}.Release|Any CPU.Build.0 = Release|iPhoneSimulator
		{451C0E4A-5F82-49AF-A00E-001B8D786DFA}.Debug|iPhoneSimulator.ActiveCfg = Debug|iPhoneSimulator
		{451C0E4A-5F82-49AF-A00E-001B8D786DFA}.Debug|iPhoneSimulator.Build.0 = Debug|iPhoneSimulator
		{451C0E4A-5F82-49AF-A00E-001B8D786DFA}.Release|iPhoneSimulator.ActiveCfg = Release|iPhoneSimulator
		{451C0E4A-5F82-49AF-A00E-001B8D786DFA}.Release|iPhoneSimulator.Build.0 = Release|iPhoneSimulator
		{451C0E4A-5F82-49AF-A00E-001B8D786DFA}.Debug|iPhone.ActiveCfg = Debug|iPhone
		{451C0E4A-5F82-49AF-A00E-001B8D786DFA}.Debug|iPhone.Build.0 = Debug|iPhone
		{451C0E4A-5F82-49AF-A00E-001B8D786DFA}.Release|iPhone.ActiveCfg = Release|iPhone
		{451C0E4A-5F82-49AF-A00E-001B8D786DFA}.Release|iPhone.Build.0 = Release|iPhone
		{83107311-7BAD-4C7D-ADB8-E39C00FEF6F2}.Debug|Any CPU.ActiveCfg = Debug|Any CPU
		{83107311-7BAD-4C7D-ADB8-E39C00FEF6F2}.Debug|Any CPU.Build.0 = Debug|Any CPU
		{83107311-7BAD-4C7D-ADB8-E39C00FEF6F2}.Release|Any CPU.ActiveCfg = Release|Any CPU
		{83107311-7BAD-4C7D-ADB8-E39C00FEF6F2}.Release|Any CPU.Build.0 = Release|Any CPU
		{83107311-7BAD-4C7D-ADB8-E39C00FEF6F2}.Debug|iPhoneSimulator.ActiveCfg = Debug|Any CPU
		{83107311-7BAD-4C7D-ADB8-E39C00FEF6F2}.Debug|iPhoneSimulator.Build.0 = Debug|Any CPU
		{83107311-7BAD-4C7D-ADB8-E39C00FEF6F2}.Release|iPhoneSimulator.ActiveCfg = Release|Any CPU
		{83107311-7BAD-4C7D-ADB8-E39C00FEF6F2}.Release|iPhoneSimulator.Build.0 = Release|Any CPU
		{83107311-7BAD-4C7D-ADB8-E39C00FEF6F2}.Debug|iPhone.ActiveCfg = Debug|Any CPU
		{83107311-7BAD-4C7D-ADB8-E39C00FEF6F2}.Debug|iPhone.Build.0 = Debug|Any CPU
		{83107311-7BAD-4C7D-ADB8-E39C00FEF6F2}.Release|iPhone.ActiveCfg = Release|Any CPU
		{83107311-7BAD-4C7D-ADB8-E39C00FEF6F2}.Release|iPhone.Build.0 = Release|Any CPU
	EndGlobalSection
EndGlobal
